# This file is autogenerated, do not edit; changes may be undone by the next 'dep ensure'.


[[projects]]
  branch = "master"
  name = "github.com/chuckpreslar/emission"
  packages = ["."]
  revision = "a7ddd980baf9ec8ad3f2e6826ef9eacfe55b3f02"

[[projects]]
  name = "github.com/codegangsta/inject"
  packages = ["."]
  revision = "37d7f8432a3e684eef9b2edece76bdfa6ac85b39"
  version = "v1.0-rc1"

[solve-meta]
  analyzer-name = "dep"
  analyzer-version = 1
  inputs-digest = "efa642ad2da5ba167070b9c8ee48e9a2e9afcfe04583809ce7ce14e558d8f464"
  solver-name = "gps-cdcl"
  solver-version = 1
